
Microsoft Visual Studio Solution File, Format Version 12.00
# Visual Studio Version 17
VisualStudioVersion = 17.14.36127.28 d17.14
MinimumVisualStudioVersion = 10.0.40219.1
Project("{FAE04EC0-301F-11D3-BF4B-00C04F79EFBC}") = "Space Expedition", "Space Expedition\Space Expedition.csproj", "{1B5E9A9F-B968-4862-A7B4-3431E193E70A}"
EndProject
Global
	GlobalSection(SolutionConfigurationPlatforms) = preSolution
		Debug|Any CPU = Debug|Any CPU
		Release|Any CPU = Release|Any CPU
	EndGlobalSection
	GlobalSection(ProjectConfigurationPlatforms) = postSolution
		{1B5E9A9F-B968-4862-A7B4-3431E193E70A}.Debug|Any CPU.ActiveCfg = Debug|Any CPU
		{1B5E9A9F-B968-4862-A7B4-3431E193E70A}.Debug|Any CPU.Build.0 = Debug|Any CPU
		{1B5E9A9F-B968-4862-A7B4-3431E193E70A}.Release|Any CPU.ActiveCfg = Release|Any CPU
		{1B5E9A9F-B968-4862-A7B4-3431E193E70A}.Release|Any CPU.Build.0 = Release|Any CPU
	EndGlobalSection
	GlobalSection(SolutionProperties) = preSolution
		HideSolutionNode = FALSE
	EndGlobalSection
	GlobalSection(ExtensibilityGlobals) = postSolution
		SolutionGuid = {7C7842B9-CF14-4F36-8978-97FA737BA251}
	EndGlobalSection
EndGlobal
